{
  "requires": true,
  "lockfileVersion": 1,
  "dependencies": {
    "phaser3-weapon-plugin": {
      "version": "2.1.0",
      "resolved": "https://registry.npmjs.org/phaser3-weapon-plugin/-/phaser3-weapon-plugin-2.1.0.tgz",
      "integrity": "sha512-T0ZQQeYUWK2XTHE4yQulT53N63+j4sFIM0dQ8+/UFo4vWsoFAMIsy2CPCSjj1/fzLu6jgxDCYQasevhFt62vGg=="
    }
  }
}
