{
  "requires": true,
  "lockfileVersion": 1,
  "dependencies": {
    "eventemitter3": {
      "version": "3.1.2",
      "resolved": "https://registry.npmjs.org/eventemitter3/-/eventemitter3-3.1.2.tgz",
      "integrity": "sha512-tvtQIeLVHjDkJYnzf2dgVMxfuSGJeM/7UCG17TT4EumTfNtF+0nebF/4zWOIkCreAbtNqhGEboB6BWrwqNaw4Q=="
    },
    "lokijs": {
      "version": "1.5.12",
      "resolved": "https://registry.npmjs.org/lokijs/-/lokijs-1.5.12.tgz",
      "integrity": "sha512-Q5ALD6JiS6xAUWCwX3taQmgwxyveCtIIuL08+ml0nHwT3k0S/GIFJN+Hd38b1qYIMaE5X++iqsqWVksz7SYW+Q=="
    },
    "papaparse": {
      "version": "5.3.0",
      "resolved": "https://registry.npmjs.org/papaparse/-/papaparse-5.3.0.tgz",
      "integrity": "sha512-Lb7jN/4bTpiuGPrYy4tkKoUS8sTki8zacB5ke1p5zolhcSE4TlWgrlsxjrDTbG/dFVh07ck7X36hUf/b5V68pg=="
    },
    "phaser3-rex-plugins": {
      "version": "1.1.46",
      "resolved": "https://registry.npmjs.org/phaser3-rex-plugins/-/phaser3-rex-plugins-1.1.46.tgz",
      "integrity": "sha512-v2pQQFHX+ym6FwHNHyOxisoUa6iuAN3NxHjb8JthwLRPEnb0++EzDJq1Fdu2dduqx5Bh0K0B9ZvIk1ESSA8b0A==",
      "requires": {
        "eventemitter3": "^3.1.2",
        "lokijs": "^1.5.12",
        "papaparse": "^5.3.0",
        "webfontloader": "^1.6.28"
      }
    },
    "phaser3-weapon-plugin": {
      "version": "2.1.0",
      "resolved": "https://registry.npmjs.org/phaser3-weapon-plugin/-/phaser3-weapon-plugin-2.1.0.tgz",
      "integrity": "sha512-T0ZQQeYUWK2XTHE4yQulT53N63+j4sFIM0dQ8+/UFo4vWsoFAMIsy2CPCSjj1/fzLu6jgxDCYQasevhFt62vGg=="
    },
    "webfontloader": {
      "version": "1.6.28",
      "resolved": "https://registry.npmjs.org/webfontloader/-/webfontloader-1.6.28.tgz",
      "integrity": "sha1-23hhKSU8tujq5UwvsF+HCvZnW64="
    }
  }
}
